// !$*UTF8*$!
{
	archiveVersion = 1;
	classes = {
	};
	objectVersion = 56;
	objects = {

/* Begin PBXBuildFile section */
		F001CF632CCE1C3800A3D4AC /* ScheduleViewController.swift in Sources */ = {isa = PBXBuildFile; fileRef = F001CF622CCE1C3800A3D4AC /* ScheduleViewController.swift */; };
		F09ED6932C5F205400D80CA2 /* VacationModel.swift in Sources */ = {isa = PBXBuildFile; fileRef = F09ED6922C5F205400D80CA2 /* VacationModel.swift */; };
		F09ED6952C5F23CF00D80CA2 /* SwiftDataService.swift in Sources */ = {isa = PBXBuildFile; fileRef = F09ED6942C5F23CE00D80CA2 /* SwiftDataService.swift */; };
		F09ED6992C5F452D00D80CA2 /* AlertDialog.swift in Sources */ = {isa = PBXBuildFile; fileRef = F09ED6982C5F452D00D80CA2 /* AlertDialog.swift */; };
		F0A3C2602C4CD09100FAA97D /* AddViewController.swift in Sources */ = {isa = PBXBuildFile; fileRef = F0A3C25F2C4CD09100FAA97D /* AddViewController.swift */; };
		F0D34B992C156E44001EFBB2 /* AppDelegate.swift in Sources */ = {isa = PBXBuildFile; fileRef = F0D34B982C156E44001EFBB2 /* AppDelegate.swift */; };
		F0D34B9B2C156E44001EFBB2 /* SceneDelegate.swift in Sources */ = {isa = PBXBuildFile; fileRef = F0D34B9A2C156E44001EFBB2 /* SceneDelegate.swift */; };
		F0D34B9D2C156E44001EFBB2 /* ViewController.swift in Sources */ = {isa = PBXBuildFile; fileRef = F0D34B9C2C156E44001EFBB2 /* ViewController.swift */; };
		F0D34BA02C156E44001EFBB2 /* Base in Resources */ = {isa = PBXBuildFile; fileRef = F0D34B9F2C156E44001EFBB2 /* Base */; };
		F0D34BA22C156E46001EFBB2 /* Assets.xcassets in Resources */ = {isa = PBXBuildFile; fileRef = F0D34BA12C156E46001EFBB2 /* Assets.xcassets */; };
		F0D34BA52C156E46001EFBB2 /* Base in Resources */ = {isa = PBXBuildFile; fileRef = F0D34BA42C156E46001EFBB2 /* Base */; };
		F0F85E892C84420600C12DA6 /* icon.png in Resources */ = {isa = PBXBuildFile; fileRef = F0F85E882C84420600C12DA6 /* icon.png */; };
/* End PBXBuildFile section */

/* Begin PBXFileReference section */
		F001CF622CCE1C3800A3D4AC /* ScheduleViewController.swift */ = {isa = PBXFileReference; lastKnownFileType = sourcecode.swift; path = ScheduleViewController.swift; sourceTree = "<group>"; };
		F09ED6922C5F205400D80CA2 /* VacationModel.swift */ = {isa = PBXFileReference; lastKnownFileType = sourcecode.swift; path = VacationModel.swift; sourceTree = "<group>"; };
		F09ED6942C5F23CE00D80CA2 /* SwiftDataService.swift */ = {isa = PBXFileReference; lastKnownFileType = sourcecode.swift; path = SwiftDataService.swift; sourceTree = "<group>"; };
		F09ED6982C5F452D00D80CA2 /* AlertDialog.swift */ = {isa = PBXFileReference; lastKnownFileType = sourcecode.swift; path = AlertDialog.swift; sourceTree = "<group>"; };
		F0A3C25F2C4CD09100FAA97D /* AddViewController.swift */ = {isa = PBXFileReference; lastKnownFileType = sourcecode.swift; path = AddViewController.swift; sourceTree = "<group>"; };
		F0D34B952C156E44001EFBB2 /* travelmap.app */ = {isa = PBXFileReference; explicitFileType = wrapper.application; includeInIndex = 0; path = travelmap.app; sourceTree = BUILT_PRODUCTS_DIR; };
		F0D34B982C156E44001EFBB2 /* AppDelegate.swift */ = {isa = PBXFileReference; lastKnownFileType = sourcecode.swift; path = AppDelegate.swift; sourceTree = "<group>"; };
		F0D34B9A2C156E44001EFBB2 /* SceneDelegate.swift */ = {isa = PBXFileReference; lastKnownFileType = sourcecode.swift; path = SceneDelegate.swift; sourceTree = "<group>"; };
		F0D34B9C2C156E44001EFBB2 /* ViewController.swift */ = {isa = PBXFileReference; lastKnownFileType = sourcecode.swift; path = ViewController.swift; sourceTree = "<group>"; };
		F0D34B9F2C156E44001EFBB2 /* Base */ = {isa = PBXFileReference; lastKnownFileType = file.storyboard; name = Base; path = Base.lproj/Main.storyboard; sourceTree = "<group>"; };
		F0D34BA12C156E46001EFBB2 /* Assets.xcassets */ = {isa = PBXFileReference; lastKnownFileType = folder.assetcatalog; path = Assets.xcassets; sourceTree = "<group>"; };
		F0D34BA42C156E46001EFBB2 /* Base */ = {isa = PBXFileReference; lastKnownFileType = file.storyboard; name = Base; path = Base.lproj/LaunchScreen.storyboard; sourceTree = "<group>"; };
		F0D34BA62C156E46001EFBB2 /* Info.plist */ = {isa = PBXFileReference; lastKnownFileType = text.plist.xml; path = Info.plist; sourceTree = "<group>"; };
		F0F85E882C84420600C12DA6 /* icon.png */ = {isa = PBXFileReference; lastKnownFileType = image.png; path = icon.png; sourceTree = "<group>"; };
/* End PBXFileReference section */

/* Begin PBXFrameworksBuildPhase section */
		F0D34B922C156E44001EFBB2 /* Frameworks */ = {
			isa = PBXFrameworksBuildPhase;
			buildActionMask = 2147483647;
			files = (
			);
			runOnlyForDeploymentPostprocessing = 0;
		};
/* End PBXFrameworksBuildPhase section */

/* Begin PBXGroup section */
		F0D34B8C2C156E44001EFBB2 = {
			isa = PBXGroup;
			children = (
				F0D34B972C156E44001EFBB2 /* travelmap */,
				F0D34B962C156E44001EFBB2 /* Products */,
			);
			sourceTree = "<group>";
		};
		F0D34B962C156E44001EFBB2 /* Products */ = {
			isa = PBXGroup;
			children = (
				F0D34B952C156E44001EFBB2 /* travelmap.app */,
			);
			name = Products;
			sourceTree = "<group>";
		};
		F0D34B972C156E44001EFBB2 /* travelmap */ = {
			isa = PBXGroup;
			children = (
				F001CF622CCE1C3800A3D4AC /* ScheduleViewController.swift */,
				F0D34B982C156E44001EFBB2 /* AppDelegate.swift */,
				F0D34B9A2C156E44001EFBB2 /* SceneDelegate.swift */,
				F0D34B9C2C156E44001EFBB2 /* ViewController.swift */,
				F09ED6982C5F452D00D80CA2 /* AlertDialog.swift */,
				F0A3C25F2C4CD09100FAA97D /* AddViewController.swift */,
				F09ED6922C5F205400D80CA2 /* VacationModel.swift */,
				F09ED6942C5F23CE00D80CA2 /* SwiftDataService.swift */,
				F0D34B9E2C156E44001EFBB2 /* Main.storyboard */,
				F0D34BA12C156E46001EFBB2 /* Assets.xcassets */,
				F0D34BA32C156E46001EFBB2 /* LaunchScreen.storyboard */,
				F0D34BA62C156E46001EFBB2 /* Info.plist */,
				F0F85E882C84420600C12DA6 /* icon.png */,
			);
			path = travelmap;
			sourceTree = "<group>";
		};
/* End PBXGroup section */

/* Begin PBXNativeTarget section */
		F0D34B942C156E44001EFBB2 /* travelmap */ = {
			isa = PBXNativeTarget;
			buildConfigurationList = F0D34BA92C156E46001EFBB2 /* Build configuration list for PBXNativeTarget "travelmap" */;
			buildPhases = (
				F0D34B912C156E44001EFBB2 /* Sources */,
				F0D34B922C156E44001EFBB2 /* Frameworks */,
				F0D34B932C156E44001EFBB2 /* Resources */,
			);
			buildRules = (
			);
			dependencies = (
			);
			name = travelmap;
			productName = travelmap;
			productReference = F0D34B952C156E44001EFBB2 /* travelmap.app */;
			productType = "com.apple.product-type.application";
		};
/* End PBXNativeTarget section */

/* Begin PBXProject section */
		F0D34B8D2C156E44001EFBB2 /* Project object */ = {
			isa = PBXProject;
			attributes = {
				BuildIndependentTargetsInParallel = 1;
				LastSwiftUpdateCheck = 1540;
				LastUpgradeCheck = 1540;
				TargetAttributes = {
					F0D34B942C156E44001EFBB2 = {
						CreatedOnToolsVersion = 15.4;
					};
				};
			};
			buildConfigurationList = F0D34B902C156E44001EFBB2 /* Build configuration list for PBXProject "travelmap" */;
			compatibilityVersion = "Xcode 14.0";
			developmentRegion = en;
			hasScannedForEncodings = 0;
			knownRegions = (
				en,
				Base,
			);
			mainGroup = F0D34B8C2C156E44001EFBB2;
			productRefGroup = F0D34B962C156E44001EFBB2 /* Products */;
			projectDirPath = "";
			projectRoot = "";
			targets = (
				F0D34B942C156E44001EFBB2 /* travelmap */,
			);
		};
/* End PBXProject section */

/* Begin PBXResourcesBuildPhase section */
		F0D34B932C156E44001EFBB2 /* Resources */ = {
			isa = PBXResourcesBuildPhase;
			buildActionMask = 2147483647;
			files = (
				F0F85E892C84420600C12DA6 /* icon.png in Resources */,
				F0D34BA22C156E46001EFBB2 /* Assets.xcassets in Resources */,
				F0D34BA52C156E46001EFBB2 /* Base in Resources */,
				F0D34BA02C156E44001EFBB2 /* Base in Resources */,
			);
			runOnlyForDeploymentPostprocessing = 0;
		};
/* End PBXResourcesBuildPhase section */

/* Begin PBXSourcesBuildPhase section */
		F0D34B912C156E44001EFBB2 /* Sources */ = {
			isa = PBXSourcesBuildPhase;
			buildActionMask = 2147483647;
			files = (
				F0D34B9D2C156E44001EFBB2 /* ViewController.swift in Sources */,
				F0D34B992C156E44001EFBB2 /* AppDelegate.swift in Sources */,
				F001CF632CCE1C3800A3D4AC /* ScheduleViewController.swift in Sources */,
				F09ED6932C5F205400D80CA2 /* VacationModel.swift in Sources */,
				F09ED6952C5F23CF00D80CA2 /* SwiftDataService.swift in Sources */,
				F09ED6992C5F452D00D80CA2 /* AlertDialog.swift in Sources */,
				F0A3C2602C4CD09100FAA97D /* AddViewController.swift in Sources */,
				F0D34B9B2C156E44001EFBB2 /* SceneDelegate.swift in Sources */,
			);
			runOnlyForDeploymentPostprocessing = 0;
		};
/* End PBXSourcesBuildPhase section */

/* Begin PBXVariantGroup section */
		F0D34B9E2C156E44001EFBB2 /* Main.storyboard */ = {
			isa = PBXVariantGroup;
			children = (
				F0D34B9F2C156E44001EFBB2 /* Base */,
			);
			name = Main.storyboard;
			sourceTree = "<group>";
		};
		F0D34BA32C156E46001EFBB2 /* LaunchScreen.storyboard */ = {
			isa = PBXVariantGroup;
			children = (
				F0D34BA42C156E46001EFBB2 /* Base */,
			);
			name = LaunchScreen.storyboard;
			sourceTree = "<group>";
		};
/* End PBXVariantGroup section */

/* Begin XCBuildConfiguration section */
		F0D34BA72C156E46001EFBB2 /* Debug */ = {
			isa = XCBuildConfiguration;
			buildSettings = {
				ALWAYS_SEARCH_USER_PATHS = NO;
				ASSETCATALOG_COMPILER_GENERATE_SWIFT_ASSET_SYMBOL_EXTENSIONS = YES;
				CLANG_ANALYZER_NONNULL = YES;
				CLANG_ANALYZER_NUMBER_OBJECT_CONVERSION = YES_AGGRESSIVE;
				CLANG_CXX_LANGUAGE_STANDARD = "gnu++20";
				CLANG_ENABLE_MODULES = YES;
				CLANG_ENABLE_OBJC_ARC = YES;
				CLANG_ENABLE_OBJC_WEAK = YES;
				CLANG_WARN_BLOCK_CAPTURE_AUTORELEASING = YES;
				CLANG_WARN_BOOL_CONVERSION = YES;
				CLANG_WARN_COMMA = YES;
				CLANG_WARN_CONSTANT_CONVERSION = YES;
				CLANG_WARN_DEPRECATED_OBJC_IMPLEMENTATIONS = YES;
				CLANG_WARN_DIRECT_OBJC_ISA_USAGE = YES_ERROR;
				CLANG_WARN_DOCUMENTATION_COMMENTS = YES;
				CLANG_WARN_EMPTY_BODY = YES;
				CLANG_WARN_ENUM_CONVERSION = YES;
				CLANG_WARN_INFINITE_RECURSION = YES;
				CLANG_WARN_INT_CONVERSION = YES;
				CLANG_WARN_NON_LITERAL_NULL_CONVERSION = YES;
				CLANG_WARN_OBJC_IMPLICIT_RETAIN_SELF = YES;
				CLANG_WARN_OBJC_LITERAL_CONVERSION = YES;
				CLANG_WARN_OBJC_ROOT_CLASS = YES_ERROR;
				CLANG_WARN_QUOTED_INCLUDE_IN_FRAMEWORK_HEADER = YES;
				CLANG_WARN_RANGE_LOOP_ANALYSIS = YES;
				CLANG_WARN_STRICT_PROTOTYPES = YES;
				CLANG_WARN_SUSPICIOUS_MOVE = YES;
				CLANG_WARN_UNGUARDED_AVAILABILITY = YES_AGGRESSIVE;
				CLANG_WARN_UNREACHABLE_CODE = YES;
				CLANG_WARN__DUPLICATE_METHOD_MATCH = YES;
				COPY_PHASE_STRIP = NO;
				DEBUG_INFORMATION_FORMAT = dwarf;
				ENABLE_STRICT_OBJC_MSGSEND = YES;
				ENABLE_TESTABILITY = YES;
				ENABLE_USER_SCRIPT_SANDBOXING = YES;
				GCC_C_LANGUAGE_STANDARD = gnu17;
				GCC_DYNAMIC_NO_PIC = NO;
				GCC_NO_COMMON_BLOCKS = YES;
				GCC_OPTIMIZATION_LEVEL = 0;
				GCC_PREPROCESSOR_DEFINITIONS = (
					"DEBUG=1",
					"$(inherited)",
				);
				GCC_WARN_64_TO_32_BIT_CONVERSION = YES;
				GCC_WARN_ABOUT_RETURN_TYPE = YES_ERROR;
				GCC_WARN_UNDECLARED_SELECTOR = YES;
				GCC_WARN_UNINITIALIZED_AUTOS = YES_AGGRESSIVE;
				GCC_WARN_UNUSED_FUNCTION = YES;
				GCC_WARN_UNUSED_VARIABLE = YES;
				"INFOPLIST_KEY_CFBundleDisplayName[sdk=*]" = "with go";
				IPHONEOS_DEPLOYMENT_TARGET = 17.5;
				LOCALIZATION_PREFERS_STRING_CATALOGS = YES;
				MTL_ENABLE_DEBUG_INFO = INCLUDE_SOURCE;
				MTL_FAST_MATH = YES;
				ONLY_ACTIVE_ARCH = YES;
				SDKROOT = iphoneos;
				SWIFT_ACTIVE_COMPILATION_CONDITIONS = "DEBUG $(inherited)";
				SWIFT_OPTIMIZATION_LEVEL = "-Onone";
			};
			name = Debug;
		};
		F0D34BA82C156E46001EFBB2 /* Release */ = {
			isa = XCBuildConfiguration;
			buildSettings = {
				ALWAYS_SEARCH_USER_PATHS = NO;
				ASSETCATALOG_COMPILER_GENERATE_SWIFT_ASSET_SYMBOL_EXTENSIONS = YES;
				CLANG_ANALYZER_NONNULL = YES;
				CLANG_ANALYZER_NUMBER_OBJECT_CONVERSION = YES_AGGRESSIVE;
				CLANG_CXX_LANGUAGE_STANDARD = "gnu++20";
				CLANG_ENABLE_MODULES = YES;
				CLANG_ENABLE_OBJC_ARC = YES;
				CLANG_ENABLE_OBJC_WEAK = YES;
				CLANG_WARN_BLOCK_CAPTURE_AUTORELEASING = YES;
				CLANG_WARN_BOOL_CONVERSION = YES;
				CLANG_WARN_COMMA = YES;
				CLANG_WARN_CONSTANT_CONVERSION = YES;
				CLANG_WARN_DEPRECATED_OBJC_IMPLEMENTATIONS = YES;
				CLANG_WARN_DIRECT_OBJC_ISA_USAGE = YES_ERROR;
				CLANG_WARN_DOCUMENTATION_COMMENTS = YES;
				CLANG_WARN_EMPTY_BODY = YES;
				CLANG_WARN_ENUM_CONVERSION = YES;
				CLANG_WARN_INFINITE_RECURSION = YES;
				CLANG_WARN_INT_CONVERSION = YES;
				CLANG_WARN_NON_LITERAL_NULL_CONVERSION = YES;
				CLANG_WARN_OBJC_IMPLICIT_RETAIN_SELF = YES;
				CLANG_WARN_OBJC_LITERAL_CONVERSION = YES;
				CLANG_WARN_OBJC_ROOT_CLASS = YES_ERROR;
				CLANG_WARN_QUOTED_INCLUDE_IN_FRAMEWORK_HEADER = YES;
				CLANG_WARN_RANGE_LOOP_ANALYSIS = YES;
				CLANG_WARN_STRICT_PROTOTYPES = YES;
				CLANG_WARN_SUSPICIOUS_MOVE = YES;
				CLANG_WARN_UNGUARDED_AVAILABILITY = YES_AGGRESSIVE;
				CLANG_WARN_UNREACHABLE_CODE = YES;
				CLANG_WARN__DUPLICATE_METHOD_MATCH = YES;
				COPY_PHASE_STRIP = NO;
				DEBUG_INFORMATION_FORMAT = "dwarf-with-dsym";
				ENABLE_NS_ASSERTIONS = NO;
				ENABLE_STRICT_OBJC_MSGSEND = YES;
				ENABLE_USER_SCRIPT_SANDBOXING = YES;
				GCC_C_LANGUAGE_STANDARD = gnu17;
				GCC_NO_COMMON_BLOCKS = YES;
				GCC_WARN_64_TO_32_BIT_CONVERSION = YES;
				GCC_WARN_ABOUT_RETURN_TYPE = YES_ERROR;
				GCC_WARN_UNDECLARED_SELECTOR = YES;
				GCC_WARN_UNINITIALIZED_AUTOS = YES_AGGRESSIVE;
				GCC_WARN_UNUSED_FUNCTION = YES;
				GCC_WARN_UNUSED_VARIABLE = YES;
				IPHONEOS_DEPLOYMENT_TARGET = 17.5;
				LOCALIZATION_PREFERS_STRING_CATALOGS = YES;
				MTL_ENABLE_DEBUG_INFO = NO;
				MTL_FAST_MATH = YES;
				SDKROOT = iphoneos;
				SWIFT_COMPILATION_MODE = wholemodule;
				VALIDATE_PRODUCT = YES;
			};
			name = Release;
		};
		F0D34BAA2C156E46001EFBB2 /* Debug */ = {
			isa = XCBuildConfiguration;
			buildSettings = {
				ASSETCATALOG_COMPILER_APPICON_NAME = AppIcon;
				ASSETCATALOG_COMPILER_GLOBAL_ACCENT_COLOR_NAME = AccentColor;
				CODE_SIGN_STYLE = Automatic;
				CURRENT_PROJECT_VERSION = 1;
				DEVELOPMENT_TEAM = TWCF733TQZ;
				GENERATE_INFOPLIST_FILE = YES;
				INFOPLIST_FILE = travelmap/Info.plist;
				INFOPLIST_KEY_CFBundleDisplayName = "with go";
				INFOPLIST_KEY_NSLocationAlwaysUsageDescription = "常に位置情報を取得します";
				INFOPLIST_KEY_NSLocationWhenInUseUsageDescription = "必要に応じて位置情報を取得します。";
				INFOPLIST_KEY_UIApplicationSupportsIndirectInputEvents = YES;
				INFOPLIST_KEY_UILaunchStoryboardName = LaunchScreen;
				INFOPLIST_KEY_UIMainStoryboardFile = Main;
				INFOPLIST_KEY_UISupportedInterfaceOrientations_iPad = "UIInterfaceOrientationPortrait UIInterfaceOrientationPortraitUpsideDown UIInterfaceOrientationLandscapeLeft UIInterfaceOrientationLandscapeRight";
				INFOPLIST_KEY_UISupportedInterfaceOrientations_iPhone = "UIInterfaceOrientationPortrait UIInterfaceOrientationLandscapeLeft UIInterfaceOrientationLandscapeRight";
				LD_RUNPATH_SEARCH_PATHS = (
					"$(inherited)",
					"@executable_path/Frameworks",
				);
				MARKETING_VERSION = 1.0;
				PRODUCT_BUNDLE_IDENTIFIER = app.saito.onji.travelmap;
				PRODUCT_NAME = "$(TARGET_NAME)";
				SWIFT_EMIT_LOC_STRINGS = YES;
				SWIFT_VERSION = 5.0;
				TARGETED_DEVICE_FAMILY = "1,2";
			};
			name = Debug;
		};
		F0D34BAB2C156E46001EFBB2 /* Release */ = {
			isa = XCBuildConfiguration;
			buildSettings = {
				ASSETCATALOG_COMPILER_APPICON_NAME = AppIcon;
				ASSETCATALOG_COMPILER_GLOBAL_ACCENT_COLOR_NAME = AccentColor;
				CODE_SIGN_STYLE = Automatic;
				CURRENT_PROJECT_VERSION = 1;
				DEVELOPMENT_TEAM = TWCF733TQZ;
				GENERATE_INFOPLIST_FILE = YES;
				INFOPLIST_FILE = travelmap/Info.plist;
				INFOPLIST_KEY_CFBundleDisplayName = "with go";
				INFOPLIST_KEY_NSLocationAlwaysUsageDescription = "常に位置情報を取得します";
				INFOPLIST_KEY_NSLocationWhenInUseUsageDescription = "必要に応じて位置情報を取得します。";
				INFOPLIST_KEY_UIApplicationSupportsIndirectInputEvents = YES;
				INFOPLIST_KEY_UILaunchStoryboardName = LaunchScreen;
				INFOPLIST_KEY_UIMainStoryboardFile = Main;
				INFOPLIST_KEY_UISupportedInterfaceOrientations_iPad = "UIInterfaceOrientationPortrait UIInterfaceOrientationPortraitUpsideDown UIInterfaceOrientationLandscapeLeft UIInterfaceOrientationLandscapeRight";
				INFOPLIST_KEY_UISupportedInterfaceOrientations_iPhone = "UIInterfaceOrientationPortrait UIInterfaceOrientationLandscapeLeft UIInterfaceOrientationLandscapeRight";
				LD_RUNPATH_SEARCH_PATHS = (
					"$(inherited)",
					"@executable_path/Frameworks",
				);
				MARKETING_VERSION = 1.0;
				PRODUCT_BUNDLE_IDENTIFIER = app.saito.onji.travelmap;
				PRODUCT_NAME = "$(TARGET_NAME)";
				SWIFT_EMIT_LOC_STRINGS = YES;
				SWIFT_VERSION = 5.0;
				TARGETED_DEVICE_FAMILY = "1,2";
			};
			name = Release;
		};
/* End XCBuildConfiguration section */

/* Begin XCConfigurationList section */
		F0D34B902C156E44001EFBB2 /* Build configuration list for PBXProject "travelmap" */ = {
			isa = XCConfigurationList;
			buildConfigurations = (
				F0D34BA72C156E46001EFBB2 /* Debug */,
				F0D34BA82C156E46001EFBB2 /* Release */,
			);
			defaultConfigurationIsVisible = 0;
			defaultConfigurationName = Release;
		};
		F0D34BA92C156E46001EFBB2 /* Build configuration list for PBXNativeTarget "travelmap" */ = {
			isa = XCConfigurationList;
			buildConfigurations = (
				F0D34BAA2C156E46001EFBB2 /* Debug */,
				F0D34BAB2C156E46001EFBB2 /* Release */,
			);
			defaultConfigurationIsVisible = 0;
			defaultConfigurationName = Release;
		};
/* End XCConfigurationList section */
	};
	rootObject = F0D34B8D2C156E44001EFBB2 /* Project object */;
}
